
Microsoft Visual Studio Solution File, Format Version 12.00
# Visual Studio Version 17
VisualStudioVersion = 17.11.35312.102
MinimumVisualStudioVersion = 10.0.40219.1
Project("{FAE04EC0-301F-11D3-BF4B-00C04F79EFBC}") = "NOTE.APP.Server", "NOTE.APP.Server\NOTE.APP.Server.csproj", "{648F7C01-C8B8-4CEB-BEFC-F373334B9036}"
EndProject
Project("{54A90642-561A-4BB1-A94E-469ADEE60C69}") = "note.app.client", "note.app.client\note.app.client.esproj", "{D7C77481-F326-4A71-96BF-D29FF20C209A}"
EndProject
Global
	GlobalSection(SolutionConfigurationPlatforms) = preSolution
		Debug|Any CPU = Debug|Any CPU
		Release|Any CPU = Release|Any CPU
	EndGlobalSection
	GlobalSection(ProjectConfigurationPlatforms) = postSolution
		{648F7C01-C8B8-4CEB-BEFC-F373334B9036}.Debug|Any CPU.ActiveCfg = Debug|Any CPU
		{648F7C01-C8B8-4CEB-BEFC-F373334B9036}.Debug|Any CPU.Build.0 = Debug|Any CPU
		{648F7C01-C8B8-4CEB-BEFC-F373334B9036}.Release|Any CPU.ActiveCfg = Release|Any CPU
		{648F7C01-C8B8-4CEB-BEFC-F373334B9036}.Release|Any CPU.Build.0 = Release|Any CPU
		{D7C77481-F326-4A71-96BF-D29FF20C209A}.Debug|Any CPU.ActiveCfg = Debug|Any CPU
		{D7C77481-F326-4A71-96BF-D29FF20C209A}.Debug|Any CPU.Build.0 = Debug|Any CPU
		{D7C77481-F326-4A71-96BF-D29FF20C209A}.Debug|Any CPU.Deploy.0 = Debug|Any CPU
		{D7C77481-F326-4A71-96BF-D29FF20C209A}.Release|Any CPU.ActiveCfg = Release|Any CPU
		{D7C77481-F326-4A71-96BF-D29FF20C209A}.Release|Any CPU.Build.0 = Release|Any CPU
		{D7C77481-F326-4A71-96BF-D29FF20C209A}.Release|Any CPU.Deploy.0 = Release|Any CPU
	EndGlobalSection
	GlobalSection(SolutionProperties) = preSolution
		HideSolutionNode = FALSE
	EndGlobalSection
	GlobalSection(ExtensibilityGlobals) = postSolution
		SolutionGuid = {3B95FB15-FE87-4E71-8331-AF7E3D592A23}
	EndGlobalSection
EndGlobal
